// !$*UTF8*$!
{
	archiveVersion = 1;
	classes = {
	};
	objectVersion = 56;
	objects = {

/* Begin PBXBuildFile section */
		389C4F462A6AF64B001DD5C7 /* AppDelegate.swift in Sources */ = {isa = PBXBuildFile; fileRef = 389C4F452A6AF64B001DD5C7 /* AppDelegate.swift */; };
		389C4F482A6AF64B001DD5C7 /* SceneDelegate.swift in Sources */ = {isa = PBXBuildFile; fileRef = 389C4F472A6AF64B001DD5C7 /* SceneDelegate.swift */; };
		389C4F4A2A6AF64B001DD5C7 /* MainController.swift in Sources */ = {isa = PBXBuildFile; fileRef = 389C4F492A6AF64B001DD5C7 /* MainController.swift */; };
		389C4F4D2A6AF64B001DD5C7 /* Main.storyboard in Resources */ = {isa = PBXBuildFile; fileRef = 389C4F4B2A6AF64B001DD5C7 /* Main.storyboard */; };
		389C4F502A6AF64B001DD5C7 /* MoviesAppExample.xcdatamodeld in Sources */ = {isa = PBXBuildFile; fileRef = 389C4F4E2A6AF64B001DD5C7 /* MoviesAppExample.xcdatamodeld */; };
		389C4F522A6AF64C001DD5C7 /* Assets.xcassets in Resources */ = {isa = PBXBuildFile; fileRef = 389C4F512A6AF64C001DD5C7 /* Assets.xcassets */; };
		389C4F552A6AF64C001DD5C7 /* LaunchScreen.storyboard in Resources */ = {isa = PBXBuildFile; fileRef = 389C4F532A6AF64C001DD5C7 /* LaunchScreen.storyboard */; };
		389C4F662A6AFF94001DD5C7 /* MovieModel.swift in Sources */ = {isa = PBXBuildFile; fileRef = 389C4F652A6AFF94001DD5C7 /* MovieModel.swift */; };
		389C4F682A6B0753001DD5C7 /* ServiceProtocol.swift in Sources */ = {isa = PBXBuildFile; fileRef = 389C4F672A6B0753001DD5C7 /* ServiceProtocol.swift */; };
		389C4F6A2A6B07C4001DD5C7 /* Results.swift in Sources */ = {isa = PBXBuildFile; fileRef = 389C4F692A6B07C4001DD5C7 /* Results.swift */; };
		389C4F6D2A6B0BBC001DD5C7 /* Alamofire in Frameworks */ = {isa = PBXBuildFile; productRef = 389C4F6C2A6B0BBC001DD5C7 /* Alamofire */; };
		389C4F6F2A6B0C33001DD5C7 /* ServiceManager.swift in Sources */ = {isa = PBXBuildFile; fileRef = 389C4F6E2A6B0C33001DD5C7 /* ServiceManager.swift */; };
		389C4F712A6B0D81001DD5C7 /* ServiceHelper.swift in Sources */ = {isa = PBXBuildFile; fileRef = 389C4F702A6B0D81001DD5C7 /* ServiceHelper.swift */; };
		389C4F762A6B1CFE001DD5C7 /* MovieTableViewCell.swift in Sources */ = {isa = PBXBuildFile; fileRef = 389C4F752A6B1CFE001DD5C7 /* MovieTableViewCell.swift */; };
		389C4F782A6B1D0F001DD5C7 /* EmptyTableViewCell.swift in Sources */ = {isa = PBXBuildFile; fileRef = 389C4F772A6B1D0F001DD5C7 /* EmptyTableViewCell.swift */; };
		389C4F7A2A6B221D001DD5C7 /* UIimageViewExtension.swift in Sources */ = {isa = PBXBuildFile; fileRef = 389C4F792A6B221D001DD5C7 /* UIimageViewExtension.swift */; };
		389C4F7C2A6BB941001DD5C7 /* DetailViewController.swift in Sources */ = {isa = PBXBuildFile; fileRef = 389C4F7B2A6BB941001DD5C7 /* DetailViewController.swift */; };
		389C4F7E2A6BB966001DD5C7 /* Detail.storyboard in Resources */ = {isa = PBXBuildFile; fileRef = 389C4F7D2A6BB966001DD5C7 /* Detail.storyboard */; };
/* End PBXBuildFile section */

/* Begin PBXFileReference section */
		389C4F422A6AF64B001DD5C7 /* MoviesAppExample.app */ = {isa = PBXFileReference; explicitFileType = wrapper.application; includeInIndex = 0; path = MoviesAppExample.app; sourceTree = BUILT_PRODUCTS_DIR; };
		389C4F452A6AF64B001DD5C7 /* AppDelegate.swift */ = {isa = PBXFileReference; lastKnownFileType = sourcecode.swift; path = AppDelegate.swift; sourceTree = "<group>"; };
		389C4F472A6AF64B001DD5C7 /* SceneDelegate.swift */ = {isa = PBXFileReference; lastKnownFileType = sourcecode.swift; path = SceneDelegate.swift; sourceTree = "<group>"; };
		389C4F492A6AF64B001DD5C7 /* MainController.swift */ = {isa = PBXFileReference; lastKnownFileType = sourcecode.swift; path = MainController.swift; sourceTree = "<group>"; };
		389C4F4C2A6AF64B001DD5C7 /* Base */ = {isa = PBXFileReference; lastKnownFileType = file.storyboard; name = Base; path = Base.lproj/Main.storyboard; sourceTree = "<group>"; };
		389C4F4F2A6AF64B001DD5C7 /* MoviesAppExample.xcdatamodel */ = {isa = PBXFileReference; lastKnownFileType = wrapper.xcdatamodel; path = MoviesAppExample.xcdatamodel; sourceTree = "<group>"; };
		389C4F512A6AF64C001DD5C7 /* Assets.xcassets */ = {isa = PBXFileReference; lastKnownFileType = folder.assetcatalog; path = Assets.xcassets; sourceTree = "<group>"; };
		389C4F542A6AF64C001DD5C7 /* Base */ = {isa = PBXFileReference; lastKnownFileType = file.storyboard; name = Base; path = Base.lproj/LaunchScreen.storyboard; sourceTree = "<group>"; };
		389C4F562A6AF64C001DD5C7 /* Info.plist */ = {isa = PBXFileReference; lastKnownFileType = text.plist.xml; path = Info.plist; sourceTree = "<group>"; };
		389C4F652A6AFF94001DD5C7 /* MovieModel.swift */ = {isa = PBXFileReference; lastKnownFileType = sourcecode.swift; path = MovieModel.swift; sourceTree = "<group>"; };
		389C4F672A6B0753001DD5C7 /* ServiceProtocol.swift */ = {isa = PBXFileReference; lastKnownFileType = sourcecode.swift; path = ServiceProtocol.swift; sourceTree = "<group>"; };
		389C4F692A6B07C4001DD5C7 /* Results.swift */ = {isa = PBXFileReference; lastKnownFileType = sourcecode.swift; path = Results.swift; sourceTree = "<group>"; };
		389C4F6E2A6B0C33001DD5C7 /* ServiceManager.swift */ = {isa = PBXFileReference; lastKnownFileType = sourcecode.swift; path = ServiceManager.swift; sourceTree = "<group>"; };
		389C4F702A6B0D81001DD5C7 /* ServiceHelper.swift */ = {isa = PBXFileReference; lastKnownFileType = sourcecode.swift; path = ServiceHelper.swift; sourceTree = "<group>"; };
		389C4F752A6B1CFE001DD5C7 /* MovieTableViewCell.swift */ = {isa = PBXFileReference; lastKnownFileType = sourcecode.swift; path = MovieTableViewCell.swift; sourceTree = "<group>"; };
		389C4F772A6B1D0F001DD5C7 /* EmptyTableViewCell.swift */ = {isa = PBXFileReference; lastKnownFileType = sourcecode.swift; path = EmptyTableViewCell.swift; sourceTree = "<group>"; };
		389C4F792A6B221D001DD5C7 /* UIimageViewExtension.swift */ = {isa = PBXFileReference; lastKnownFileType = sourcecode.swift; path = UIimageViewExtension.swift; sourceTree = "<group>"; };
		389C4F7B2A6BB941001DD5C7 /* DetailViewController.swift */ = {isa = PBXFileReference; lastKnownFileType = sourcecode.swift; path = DetailViewController.swift; sourceTree = "<group>"; };
		389C4F7D2A6BB966001DD5C7 /* Detail.storyboard */ = {isa = PBXFileReference; lastKnownFileType = file.storyboard; path = Detail.storyboard; sourceTree = "<group>"; };
/* End PBXFileReference section */

/* Begin PBXFrameworksBuildPhase section */
		389C4F3F2A6AF64B001DD5C7 /* Frameworks */ = {
			isa = PBXFrameworksBuildPhase;
			buildActionMask = 2147483647;
			files = (
				389C4F6D2A6B0BBC001DD5C7 /* Alamofire in Frameworks */,
			);
			runOnlyForDeploymentPostprocessing = 0;
		};
/* End PBXFrameworksBuildPhase section */

/* Begin PBXGroup section */
		389C4F392A6AF64B001DD5C7 = {
			isa = PBXGroup;
			children = (
				389C4F442A6AF64B001DD5C7 /* MoviesAppExample */,
				389C4F432A6AF64B001DD5C7 /* Products */,
			);
			sourceTree = "<group>";
		};
		389C4F432A6AF64B001DD5C7 /* Products */ = {
			isa = PBXGroup;
			children = (
				389C4F422A6AF64B001DD5C7 /* MoviesAppExample.app */,
			);
			name = Products;
			sourceTree = "<group>";
		};
		389C4F442A6AF64B001DD5C7 /* MoviesAppExample */ = {
			isa = PBXGroup;
			children = (
				389C4F5C2A6AF681001DD5C7 /* App */,
				389C4F5F2A6AF6BD001DD5C7 /* SupportingFiles */,
				389C4F5E2A6AF6AC001DD5C7 /* Resources */,
				389C4F5D2A6AF693001DD5C7 /* Extensions */,
				389C4F602A6AF6D6001DD5C7 /* Services */,
				389C4F612A6AF6E1001DD5C7 /* UI */,
				389C4F4E2A6AF64B001DD5C7 /* MoviesAppExample.xcdatamodeld */,
			);
			path = MoviesAppExample;
			sourceTree = "<group>";
		};
		389C4F5C2A6AF681001DD5C7 /* App */ = {
			isa = PBXGroup;
			children = (
				389C4F452A6AF64B001DD5C7 /* AppDelegate.swift */,
				389C4F472A6AF64B001DD5C7 /* SceneDelegate.swift */,
			);
			path = App;
			sourceTree = "<group>";
		};
		389C4F5D2A6AF693001DD5C7 /* Extensions */ = {
			isa = PBXGroup;
			children = (
				389C4F792A6B221D001DD5C7 /* UIimageViewExtension.swift */,
			);
			path = Extensions;
			sourceTree = "<group>";
		};
		389C4F5E2A6AF6AC001DD5C7 /* Resources */ = {
			isa = PBXGroup;
			children = (
				389C4F512A6AF64C001DD5C7 /* Assets.xcassets */,
			);
			path = Resources;
			sourceTree = "<group>";
		};
		389C4F5F2A6AF6BD001DD5C7 /* SupportingFiles */ = {
			isa = PBXGroup;
			children = (
				389C4F532A6AF64C001DD5C7 /* LaunchScreen.storyboard */,
				389C4F562A6AF64C001DD5C7 /* Info.plist */,
			);
			path = SupportingFiles;
			sourceTree = "<group>";
		};
		389C4F602A6AF6D6001DD5C7 /* Services */ = {
			isa = PBXGroup;
			children = (
				389C4F642A6AFC8F001DD5C7 /* Helpers */,
				389C4F632A6AFC81001DD5C7 /* Core */,
				389C4F622A6AFBC9001DD5C7 /* Model */,
			);
			path = Services;
			sourceTree = "<group>";
		};
		389C4F612A6AF6E1001DD5C7 /* UI */ = {
			isa = PBXGroup;
			children = (
				389C4F4B2A6AF64B001DD5C7 /* Main.storyboard */,
				389C4F722A6B1608001DD5C7 /* Main */,
			);
			path = UI;
			sourceTree = "<group>";
		};
		389C4F622A6AFBC9001DD5C7 /* Model */ = {
			isa = PBXGroup;
			children = (
				389C4F652A6AFF94001DD5C7 /* MovieModel.swift */,
			);
			path = Model;
			sourceTree = "<group>";
		};
		389C4F632A6AFC81001DD5C7 /* Core */ = {
			isa = PBXGroup;
			children = (
				389C4F672A6B0753001DD5C7 /* ServiceProtocol.swift */,
				389C4F6E2A6B0C33001DD5C7 /* ServiceManager.swift */,
				389C4F702A6B0D81001DD5C7 /* ServiceHelper.swift */,
			);
			path = Core;
			sourceTree = "<group>";
		};
		389C4F642A6AFC8F001DD5C7 /* Helpers */ = {
			isa = PBXGroup;
			children = (
				389C4F692A6B07C4001DD5C7 /* Results.swift */,
			);
			path = Helpers;
			sourceTree = "<group>";
		};
		389C4F722A6B1608001DD5C7 /* Main */ = {
			isa = PBXGroup;
			children = (
				389C4F742A6B1CDC001DD5C7 /* SubView */,
				389C4F492A6AF64B001DD5C7 /* MainController.swift */,
				389C4F732A6B1615001DD5C7 /* Detail */,
			);
			path = Main;
			sourceTree = "<group>";
		};
		389C4F732A6B1615001DD5C7 /* Detail */ = {
			isa = PBXGroup;
			children = (
				389C4F7B2A6BB941001DD5C7 /* DetailViewController.swift */,
				389C4F7D2A6BB966001DD5C7 /* Detail.storyboard */,
			);
			path = Detail;
			sourceTree = "<group>";
		};
		389C4F742A6B1CDC001DD5C7 /* SubView */ = {
			isa = PBXGroup;
			children = (
				389C4F752A6B1CFE001DD5C7 /* MovieTableViewCell.swift */,
				389C4F772A6B1D0F001DD5C7 /* EmptyTableViewCell.swift */,
			);
			path = SubView;
			sourceTree = "<group>";
		};
/* End PBXGroup section */

/* Begin PBXNativeTarget section */
		389C4F412A6AF64B001DD5C7 /* MoviesAppExample */ = {
			isa = PBXNativeTarget;
			buildConfigurationList = 389C4F592A6AF64C001DD5C7 /* Build configuration list for PBXNativeTarget "MoviesAppExample" */;
			buildPhases = (
				389C4F3E2A6AF64B001DD5C7 /* Sources */,
				389C4F3F2A6AF64B001DD5C7 /* Frameworks */,
				389C4F402A6AF64B001DD5C7 /* Resources */,
			);
			buildRules = (
			);
			dependencies = (
			);
			name = MoviesAppExample;
			packageProductDependencies = (
				389C4F6C2A6B0BBC001DD5C7 /* Alamofire */,
			);
			productName = MoviesAppExample;
			productReference = 389C4F422A6AF64B001DD5C7 /* MoviesAppExample.app */;
			productType = "com.apple.product-type.application";
		};
/* End PBXNativeTarget section */

/* Begin PBXProject section */
		389C4F3A2A6AF64B001DD5C7 /* Project object */ = {
			isa = PBXProject;
			attributes = {
				BuildIndependentTargetsInParallel = 1;
				LastSwiftUpdateCheck = 1430;
				LastUpgradeCheck = 1430;
				TargetAttributes = {
					389C4F412A6AF64B001DD5C7 = {
						CreatedOnToolsVersion = 14.3;
					};
				};
			};
			buildConfigurationList = 389C4F3D2A6AF64B001DD5C7 /* Build configuration list for PBXProject "MoviesAppExample" */;
			compatibilityVersion = "Xcode 14.0";
			developmentRegion = en;
			hasScannedForEncodings = 0;
			knownRegions = (
				en,
				Base,
			);
			mainGroup = 389C4F392A6AF64B001DD5C7;
			packageReferences = (
				389C4F6B2A6B0BBC001DD5C7 /* XCRemoteSwiftPackageReference "Alamofire" */,
			);
			productRefGroup = 389C4F432A6AF64B001DD5C7 /* Products */;
			projectDirPath = "";
			projectRoot = "";
			targets = (
				389C4F412A6AF64B001DD5C7 /* MoviesAppExample */,
			);
		};
/* End PBXProject section */

/* Begin PBXResourcesBuildPhase section */
		389C4F402A6AF64B001DD5C7 /* Resources */ = {
			isa = PBXResourcesBuildPhase;
			buildActionMask = 2147483647;
			files = (
				389C4F552A6AF64C001DD5C7 /* LaunchScreen.storyboard in Resources */,
				389C4F522A6AF64C001DD5C7 /* Assets.xcassets in Resources */,
				389C4F4D2A6AF64B001DD5C7 /* Main.storyboard in Resources */,
				389C4F7E2A6BB966001DD5C7 /* Detail.storyboard in Resources */,
			);
			runOnlyForDeploymentPostprocessing = 0;
		};
/* End PBXResourcesBuildPhase section */

/* Begin PBXSourcesBuildPhase section */
		389C4F3E2A6AF64B001DD5C7 /* Sources */ = {
			isa = PBXSourcesBuildPhase;
			buildActionMask = 2147483647;
			files = (
				389C4F7C2A6BB941001DD5C7 /* DetailViewController.swift in Sources */,
				389C4F762A6B1CFE001DD5C7 /* MovieTableViewCell.swift in Sources */,
				389C4F4A2A6AF64B001DD5C7 /* MainController.swift in Sources */,
				389C4F502A6AF64B001DD5C7 /* MoviesAppExample.xcdatamodeld in Sources */,
				389C4F662A6AFF94001DD5C7 /* MovieModel.swift in Sources */,
				389C4F6F2A6B0C33001DD5C7 /* ServiceManager.swift in Sources */,
				389C4F6A2A6B07C4001DD5C7 /* Results.swift in Sources */,
				389C4F712A6B0D81001DD5C7 /* ServiceHelper.swift in Sources */,
				389C4F682A6B0753001DD5C7 /* ServiceProtocol.swift in Sources */,
				389C4F462A6AF64B001DD5C7 /* AppDelegate.swift in Sources */,
				389C4F482A6AF64B001DD5C7 /* SceneDelegate.swift in Sources */,
				389C4F7A2A6B221D001DD5C7 /* UIimageViewExtension.swift in Sources */,
				389C4F782A6B1D0F001DD5C7 /* EmptyTableViewCell.swift in Sources */,
			);
			runOnlyForDeploymentPostprocessing = 0;
		};
/* End PBXSourcesBuildPhase section */

/* Begin PBXVariantGroup section */
		389C4F4B2A6AF64B001DD5C7 /* Main.storyboard */ = {
			isa = PBXVariantGroup;
			children = (
				389C4F4C2A6AF64B001DD5C7 /* Base */,
			);
			name = Main.storyboard;
			sourceTree = "<group>";
		};
		389C4F532A6AF64C001DD5C7 /* LaunchScreen.storyboard */ = {
			isa = PBXVariantGroup;
			children = (
				389C4F542A6AF64C001DD5C7 /* Base */,
			);
			name = LaunchScreen.storyboard;
			sourceTree = "<group>";
		};
/* End PBXVariantGroup section */

/* Begin XCBuildConfiguration section */
		389C4F572A6AF64C001DD5C7 /* Debug */ = {
			isa = XCBuildConfiguration;
			buildSettings = {
				ALWAYS_SEARCH_USER_PATHS = NO;
				CLANG_ANALYZER_NONNULL = YES;
				CLANG_ANALYZER_NUMBER_OBJECT_CONVERSION = YES_AGGRESSIVE;
				CLANG_CXX_LANGUAGE_STANDARD = "gnu++20";
				CLANG_ENABLE_MODULES = YES;
				CLANG_ENABLE_OBJC_ARC = YES;
				CLANG_ENABLE_OBJC_WEAK = YES;
				CLANG_WARN_BLOCK_CAPTURE_AUTORELEASING = YES;
				CLANG_WARN_BOOL_CONVERSION = YES;
				CLANG_WARN_COMMA = YES;
				CLANG_WARN_CONSTANT_CONVERSION = YES;
				CLANG_WARN_DEPRECATED_OBJC_IMPLEMENTATIONS = YES;
				CLANG_WARN_DIRECT_OBJC_ISA_USAGE = YES_ERROR;
				CLANG_WARN_DOCUMENTATION_COMMENTS = YES;
				CLANG_WARN_EMPTY_BODY = YES;
				CLANG_WARN_ENUM_CONVERSION = YES;
				CLANG_WARN_INFINITE_RECURSION = YES;
				CLANG_WARN_INT_CONVERSION = YES;
				CLANG_WARN_NON_LITERAL_NULL_CONVERSION = YES;
				CLANG_WARN_OBJC_IMPLICIT_RETAIN_SELF = YES;
				CLANG_WARN_OBJC_LITERAL_CONVERSION = YES;
				CLANG_WARN_OBJC_ROOT_CLASS = YES_ERROR;
				CLANG_WARN_QUOTED_INCLUDE_IN_FRAMEWORK_HEADER = YES;
				CLANG_WARN_RANGE_LOOP_ANALYSIS = YES;
				CLANG_WARN_STRICT_PROTOTYPES = YES;
				CLANG_WARN_SUSPICIOUS_MOVE = YES;
				CLANG_WARN_UNGUARDED_AVAILABILITY = YES_AGGRESSIVE;
				CLANG_WARN_UNREACHABLE_CODE = YES;
				CLANG_WARN__DUPLICATE_METHOD_MATCH = YES;
				COPY_PHASE_STRIP = NO;
				DEBUG_INFORMATION_FORMAT = dwarf;
				ENABLE_STRICT_OBJC_MSGSEND = YES;
				ENABLE_TESTABILITY = YES;
				GCC_C_LANGUAGE_STANDARD = gnu11;
				GCC_DYNAMIC_NO_PIC = NO;
				GCC_NO_COMMON_BLOCKS = YES;
				GCC_OPTIMIZATION_LEVEL = 0;
				GCC_PREPROCESSOR_DEFINITIONS = (
					"DEBUG=1",
					"$(inherited)",
				);
				GCC_WARN_64_TO_32_BIT_CONVERSION = YES;
				GCC_WARN_ABOUT_RETURN_TYPE = YES_ERROR;
				GCC_WARN_UNDECLARED_SELECTOR = YES;
				GCC_WARN_UNINITIALIZED_AUTOS = YES_AGGRESSIVE;
				GCC_WARN_UNUSED_FUNCTION = YES;
				GCC_WARN_UNUSED_VARIABLE = YES;
				IPHONEOS_DEPLOYMENT_TARGET = 16.4;
				MTL_ENABLE_DEBUG_INFO = INCLUDE_SOURCE;
				MTL_FAST_MATH = YES;
				ONLY_ACTIVE_ARCH = YES;
				SDKROOT = iphoneos;
				SWIFT_ACTIVE_COMPILATION_CONDITIONS = DEBUG;
				SWIFT_OPTIMIZATION_LEVEL = "-Onone";
			};
			name = Debug;
		};
		389C4F582A6AF64C001DD5C7 /* Release */ = {
			isa = XCBuildConfiguration;
			buildSettings = {
				ALWAYS_SEARCH_USER_PATHS = NO;
				CLANG_ANALYZER_NONNULL = YES;
				CLANG_ANALYZER_NUMBER_OBJECT_CONVERSION = YES_AGGRESSIVE;
				CLANG_CXX_LANGUAGE_STANDARD = "gnu++20";
				CLANG_ENABLE_MODULES = YES;
				CLANG_ENABLE_OBJC_ARC = YES;
				CLANG_ENABLE_OBJC_WEAK = YES;
				CLANG_WARN_BLOCK_CAPTURE_AUTORELEASING = YES;
				CLANG_WARN_BOOL_CONVERSION = YES;
				CLANG_WARN_COMMA = YES;
				CLANG_WARN_CONSTANT_CONVERSION = YES;
				CLANG_WARN_DEPRECATED_OBJC_IMPLEMENTATIONS = YES;
				CLANG_WARN_DIRECT_OBJC_ISA_USAGE = YES_ERROR;
				CLANG_WARN_DOCUMENTATION_COMMENTS = YES;
				CLANG_WARN_EMPTY_BODY = YES;
				CLANG_WARN_ENUM_CONVERSION = YES;
				CLANG_WARN_INFINITE_RECURSION = YES;
				CLANG_WARN_INT_CONVERSION = YES;
				CLANG_WARN_NON_LITERAL_NULL_CONVERSION = YES;
				CLANG_WARN_OBJC_IMPLICIT_RETAIN_SELF = YES;
				CLANG_WARN_OBJC_LITERAL_CONVERSION = YES;
				CLANG_WARN_OBJC_ROOT_CLASS = YES_ERROR;
				CLANG_WARN_QUOTED_INCLUDE_IN_FRAMEWORK_HEADER = YES;
				CLANG_WARN_RANGE_LOOP_ANALYSIS = YES;
				CLANG_WARN_STRICT_PROTOTYPES = YES;
				CLANG_WARN_SUSPICIOUS_MOVE = YES;
				CLANG_WARN_UNGUARDED_AVAILABILITY = YES_AGGRESSIVE;
				CLANG_WARN_UNREACHABLE_CODE = YES;
				CLANG_WARN__DUPLICATE_METHOD_MATCH = YES;
				COPY_PHASE_STRIP = NO;
				DEBUG_INFORMATION_FORMAT = "dwarf-with-dsym";
				ENABLE_NS_ASSERTIONS = NO;
				ENABLE_STRICT_OBJC_MSGSEND = YES;
				GCC_C_LANGUAGE_STANDARD = gnu11;
				GCC_NO_COMMON_BLOCKS = YES;
				GCC_WARN_64_TO_32_BIT_CONVERSION = YES;
				GCC_WARN_ABOUT_RETURN_TYPE = YES_ERROR;
				GCC_WARN_UNDECLARED_SELECTOR = YES;
				GCC_WARN_UNINITIALIZED_AUTOS = YES_AGGRESSIVE;
				GCC_WARN_UNUSED_FUNCTION = YES;
				GCC_WARN_UNUSED_VARIABLE = YES;
				IPHONEOS_DEPLOYMENT_TARGET = 16.4;
				MTL_ENABLE_DEBUG_INFO = NO;
				MTL_FAST_MATH = YES;
				SDKROOT = iphoneos;
				SWIFT_COMPILATION_MODE = wholemodule;
				SWIFT_OPTIMIZATION_LEVEL = "-O";
				VALIDATE_PRODUCT = YES;
			};
			name = Release;
		};
		389C4F5A2A6AF64C001DD5C7 /* Debug */ = {
			isa = XCBuildConfiguration;
			buildSettings = {
				ASSETCATALOG_COMPILER_APPICON_NAME = AppIcon;
				ASSETCATALOG_COMPILER_GLOBAL_ACCENT_COLOR_NAME = AccentColor;
				CODE_SIGN_STYLE = Automatic;
				CURRENT_PROJECT_VERSION = 1;
				DEVELOPMENT_TEAM = PUD8T7AMYF;
				GENERATE_INFOPLIST_FILE = YES;
				INFOPLIST_FILE = MoviesAppExample/SupportingFiles/Info.plist;
				INFOPLIST_KEY_UIApplicationSupportsIndirectInputEvents = YES;
				INFOPLIST_KEY_UILaunchStoryboardName = LaunchScreen;
				INFOPLIST_KEY_UIMainStoryboardFile = Main;
				INFOPLIST_KEY_UISupportedInterfaceOrientations_iPad = "UIInterfaceOrientationPortrait UIInterfaceOrientationPortraitUpsideDown UIInterfaceOrientationLandscapeLeft UIInterfaceOrientationLandscapeRight";
				INFOPLIST_KEY_UISupportedInterfaceOrientations_iPhone = "UIInterfaceOrientationPortrait UIInterfaceOrientationLandscapeLeft UIInterfaceOrientationLandscapeRight";
				LD_RUNPATH_SEARCH_PATHS = (
					"$(inherited)",
					"@executable_path/Frameworks",
				);
				MARKETING_VERSION = 1.0;
				PRODUCT_BUNDLE_IDENTIFIER = muratcimen.MoviesAppExample;
				PRODUCT_NAME = "$(TARGET_NAME)";
				SWIFT_EMIT_LOC_STRINGS = YES;
				SWIFT_VERSION = 5.0;
				TARGETED_DEVICE_FAMILY = "1,2";
			};
			name = Debug;
		};
		389C4F5B2A6AF64C001DD5C7 /* Release */ = {
			isa = XCBuildConfiguration;
			buildSettings = {
				ASSETCATALOG_COMPILER_APPICON_NAME = AppIcon;
				ASSETCATALOG_COMPILER_GLOBAL_ACCENT_COLOR_NAME = AccentColor;
				CODE_SIGN_STYLE = Automatic;
				CURRENT_PROJECT_VERSION = 1;
				DEVELOPMENT_TEAM = PUD8T7AMYF;
				GENERATE_INFOPLIST_FILE = YES;
				INFOPLIST_FILE = MoviesAppExample/SupportingFiles/Info.plist;
				INFOPLIST_KEY_UIApplicationSupportsIndirectInputEvents = YES;
				INFOPLIST_KEY_UILaunchStoryboardName = LaunchScreen;
				INFOPLIST_KEY_UIMainStoryboardFile = Main;
				INFOPLIST_KEY_UISupportedInterfaceOrientations_iPad = "UIInterfaceOrientationPortrait UIInterfaceOrientationPortraitUpsideDown UIInterfaceOrientationLandscapeLeft UIInterfaceOrientationLandscapeRight";
				INFOPLIST_KEY_UISupportedInterfaceOrientations_iPhone = "UIInterfaceOrientationPortrait UIInterfaceOrientationLandscapeLeft UIInterfaceOrientationLandscapeRight";
				LD_RUNPATH_SEARCH_PATHS = (
					"$(inherited)",
					"@executable_path/Frameworks",
				);
				MARKETING_VERSION = 1.0;
				PRODUCT_BUNDLE_IDENTIFIER = muratcimen.MoviesAppExample;
				PRODUCT_NAME = "$(TARGET_NAME)";
				SWIFT_EMIT_LOC_STRINGS = YES;
				SWIFT_VERSION = 5.0;
				TARGETED_DEVICE_FAMILY = "1,2";
			};
			name = Release;
		};
/* End XCBuildConfiguration section */

/* Begin XCConfigurationList section */
		389C4F3D2A6AF64B001DD5C7 /* Build configuration list for PBXProject "MoviesAppExample" */ = {
			isa = XCConfigurationList;
			buildConfigurations = (
				389C4F572A6AF64C001DD5C7 /* Debug */,
				389C4F582A6AF64C001DD5C7 /* Release */,
			);
			defaultConfigurationIsVisible = 0;
			defaultConfigurationName = Release;
		};
		389C4F592A6AF64C001DD5C7 /* Build configuration list for PBXNativeTarget "MoviesAppExample" */ = {
			isa = XCConfigurationList;
			buildConfigurations = (
				389C4F5A2A6AF64C001DD5C7 /* Debug */,
				389C4F5B2A6AF64C001DD5C7 /* Release */,
			);
			defaultConfigurationIsVisible = 0;
			defaultConfigurationName = Release;
		};
/* End XCConfigurationList section */

/* Begin XCRemoteSwiftPackageReference section */
		389C4F6B2A6B0BBC001DD5C7 /* XCRemoteSwiftPackageReference "Alamofire" */ = {
			isa = XCRemoteSwiftPackageReference;
			repositoryURL = "https://github.com/Alamofire/Alamofire.git";
			requirement = {
				kind = upToNextMajorVersion;
				minimumVersion = 5.0.0;
			};
		};
/* End XCRemoteSwiftPackageReference section */

/* Begin XCSwiftPackageProductDependency section */
		389C4F6C2A6B0BBC001DD5C7 /* Alamofire */ = {
			isa = XCSwiftPackageProductDependency;
			package = 389C4F6B2A6B0BBC001DD5C7 /* XCRemoteSwiftPackageReference "Alamofire" */;
			productName = Alamofire;
		};
/* End XCSwiftPackageProductDependency section */

/* Begin XCVersionGroup section */
		389C4F4E2A6AF64B001DD5C7 /* MoviesAppExample.xcdatamodeld */ = {
			isa = XCVersionGroup;
			children = (
				389C4F4F2A6AF64B001DD5C7 /* MoviesAppExample.xcdatamodel */,
			);
			currentVersion = 389C4F4F2A6AF64B001DD5C7 /* MoviesAppExample.xcdatamodel */;
			path = MoviesAppExample.xcdatamodeld;
			sourceTree = "<group>";
			versionGroupType = wrapper.xcdatamodel;
		};
/* End XCVersionGroup section */
	};
	rootObject = 389C4F3A2A6AF64B001DD5C7 /* Project object */;
}
